
Microsoft Visual Studio Solution File, Format Version 12.00
# Visual Studio Version 16
VisualStudioVersion = 16.0.30717.126
MinimumVisualStudioVersion = 10.0.40219.1
Project("{FAE04EC0-301F-11D3-BF4B-00C04F79EFBC}") = "GRPC", "GRPC\GRPC.csproj", "{4170DC99-622C-4C80-82B6-1D44D1103F8E}"
EndProject
Project("{FAE04EC0-301F-11D3-BF4B-00C04F79EFBC}") = "ClienteGRPC", "ClienteGRPC\ClienteGRPC.csproj", "{7ADFFA8F-6FDF-40FB-AAD8-F4BB7BE6AE88}"
EndProject
Global
	GlobalSection(SolutionConfigurationPlatforms) = preSolution
		Debug|Any CPU = Debug|Any CPU
		Release|Any CPU = Release|Any CPU
	EndGlobalSection
	GlobalSection(ProjectConfigurationPlatforms) = postSolution
		{4170DC99-622C-4C80-82B6-1D44D1103F8E}.Debug|Any CPU.ActiveCfg = Debug|Any CPU
		{4170DC99-622C-4C80-82B6-1D44D1103F8E}.Debug|Any CPU.Build.0 = Debug|Any CPU
		{4170DC99-622C-4C80-82B6-1D44D1103F8E}.Release|Any CPU.ActiveCfg = Release|Any CPU
		{4170DC99-622C-4C80-82B6-1D44D1103F8E}.Release|Any CPU.Build.0 = Release|Any CPU
		{7ADFFA8F-6FDF-40FB-AAD8-F4BB7BE6AE88}.Debug|Any CPU.ActiveCfg = Debug|Any CPU
		{7ADFFA8F-6FDF-40FB-AAD8-F4BB7BE6AE88}.Debug|Any CPU.Build.0 = Debug|Any CPU
		{7ADFFA8F-6FDF-40FB-AAD8-F4BB7BE6AE88}.Release|Any CPU.ActiveCfg = Release|Any CPU
		{7ADFFA8F-6FDF-40FB-AAD8-F4BB7BE6AE88}.Release|Any CPU.Build.0 = Release|Any CPU
	EndGlobalSection
	GlobalSection(SolutionProperties) = preSolution
		HideSolutionNode = FALSE
	EndGlobalSection
	GlobalSection(ExtensibilityGlobals) = postSolution
		SolutionGuid = {23E43124-D791-4466-8800-A26AAA84A6ED}
	EndGlobalSection
EndGlobal
